
Microsoft Visual Studio Solution File, Format Version 12.00
# Visual Studio 15
VisualStudioVersion = 15.0.27004.2008
MinimumVisualStudioVersion = 10.0.40219.1
Project("{8BC9CEB8-8B4A-11D0-8D11-00A0C91BC942}") = "saturnin", "saturnin\saturnin.vcxproj", "{4EAD14E6-AE34-4A11-B275-8C59B810A30B}"
EndProject
Global
	GlobalSection(SolutionConfigurationPlatforms) = preSolution
		Debug|x64 = Debug|x64
		Debug|x86 = Debug|x86
		Release|x64 = Release|x64
		Release|x86 = Release|x86
	EndGlobalSection
	GlobalSection(ProjectConfigurationPlatforms) = postSolution
		{4EAD14E6-AE34-4A11-B275-8C59B810A30B}.Debug|x64.ActiveCfg = Debug|x64
		{4EAD14E6-AE34-4A11-B275-8C59B810A30B}.Debug|x64.Build.0 = Debug|x64
		{4EAD14E6-AE34-4A11-B275-8C59B810A30B}.Debug|x86.ActiveCfg = Debug|Win32
		{4EAD14E6-AE34-4A11-B275-8C59B810A30B}.Debug|x86.Build.0 = Debug|Win32
		{4EAD14E6-AE34-4A11-B275-8C59B810A30B}.Release|x64.ActiveCfg = Release|x64
		{4EAD14E6-AE34-4A11-B275-8C59B810A30B}.Release|x64.Build.0 = Release|x64
		{4EAD14E6-AE34-4A11-B275-8C59B810A30B}.Release|x86.ActiveCfg = Release|Win32
		{4EAD14E6-AE34-4A11-B275-8C59B810A30B}.Release|x86.Build.0 = Release|Win32
	EndGlobalSection
	GlobalSection(SolutionProperties) = preSolution
		HideSolutionNode = FALSE
	EndGlobalSection
	GlobalSection(ExtensibilityGlobals) = postSolution
		SolutionGuid = {35354F0A-43AC-43B2-BCBB-667EA86DCE31}
	EndGlobalSection
EndGlobal
