<?xml version="1.0" encoding="utf-8"?>
<Project ToolsVersion="4.0" xmlns="http://schemas.microsoft.com/developer/msbuild/2003">
  <ItemGroup>
    <Filter Include="Fichiers sources">
      <UniqueIdentifier>{4FC737F1-C7A5-4376-A066-2A32D752A2FF}</UniqueIdentifier>
      <Extensions>cpp;c;cc;cxx;def;odl;idl;hpj;bat;asm;asmx</Extensions>
    </Filter>
    <Filter Include="Fichiers d%27en-tête">
      <UniqueIdentifier>{93995380-89BD-4b04-88EB-625FBE52EBFB}</UniqueIdentifier>
      <Extensions>h;hh;hpp;hxx;hm;inl;inc;xsd</Extensions>
    </Filter>
    <Filter Include="Fichiers de ressources">
      <UniqueIdentifier>{67DA6AB6-F800-4c08-8B7A-83BB121AAD01}</UniqueIdentifier>
      <Extensions>rc;ico;cur;bmp;dlg;rc2;rct;bin;rgs;gif;jpg;jpeg;jpe;resx;tiff;tif;png;wav;mfcribbon-ms</Extensions>
    </Filter>
    <Filter Include="Fichiers sources\video">
      <UniqueIdentifier>{7b286e76-41f2-40ec-bf42-f761323ec3c6}</UniqueIdentifier>
    </Filter>
    <Filter Include="Fichiers sources\imgui">
      <UniqueIdentifier>{7f2b5416-e7d3-4805-8d14-ce890d999203}</UniqueIdentifier>
    </Filter>
    <Filter Include="Fichiers sources\cdrom">
      <UniqueIdentifier>{dfa6a1f7-eaf2-4ef2-bc54-392bf38d9642}</UniqueIdentifier>
    </Filter>
    <Filter Include="Fichiers sources\sound">
      <UniqueIdentifier>{21d89d54-af4d-4724-80f3-db85910ca877}</UniqueIdentifier>
    </Filter>
  </ItemGroup>
  <ItemGroup>
    <ClCompile Include="src\config.cpp">
      <Filter>Fichiers sources</Filter>
    </ClCompile>
    <ClCompile Include="src\locale.cpp">
      <Filter>Fichiers sources</Filter>
    </ClCompile>
    <ClCompile Include="src\log.cpp">
      <Filter>Fichiers sources</Filter>
    </ClCompile>
    <ClCompile Include="src\video\gui.cpp">
      <Filter>Fichiers sources\video</Filter>
    </ClCompile>
    <ClCompile Include="src\memory.cpp">
      <Filter>Fichiers sources</Filter>
    </ClCompile>
    <ClCompile Include="src\emulator_context.cpp">
      <Filter>Fichiers sources</Filter>
    </ClCompile>
    <ClCompile Include="src\main.cpp">
      <Filter>Fichiers sources</Filter>
    </ClCompile>
    <ClCompile Include="src\video\imgui_wrapper.cpp">
      <Filter>Fichiers sources\imgui</Filter>
    </ClCompile>
    <ClCompile Include="src\utilities.cpp">
      <Filter>Fichiers sources</Filter>
    </ClCompile>
    <ClCompile Include="src\cdrom\scsi.cpp">
      <Filter>Fichiers sources\cdrom</Filter>
    </ClCompile>
    <ClCompile Include="src\cdrom\aspi.cpp">
      <Filter>Fichiers sources\cdrom</Filter>
    </ClCompile>
    <ClCompile Include="src\cdrom\spti.cpp">
      <Filter>Fichiers sources\cdrom</Filter>
    </ClCompile>
    <ClCompile Include="src\cdrom\cdrom.cpp">
      <Filter>Fichiers sources\cdrom</Filter>
    </ClCompile>
    <ClCompile Include="src\sh2.cpp">
      <Filter>Fichiers sources</Filter>
    </ClCompile>
    <ClCompile Include="src\scu.cpp">
      <Filter>Fichiers sources</Filter>
    </ClCompile>
    <ClCompile Include="src\sh2_instructions.cpp">
      <Filter>Fichiers sources</Filter>
    </ClCompile>
    <ClCompile Include="lib\imgui\imgui_custom_controls.cpp">
      <Filter>Fichiers sources\imgui</Filter>
    </ClCompile>
    <ClCompile Include="src\video\opengl_legacy.cpp">
      <Filter>Fichiers sources\video</Filter>
    </ClCompile>
    <ClCompile Include="src\video\opengl_modern.cpp">
      <Filter>Fichiers sources\video</Filter>
    </ClCompile>
    <ClCompile Include="src\video\opengl.cpp">
      <Filter>Fichiers sources\video</Filter>
    </ClCompile>
    <ClCompile Include="src\smpc.cpp">
      <Filter>Fichiers sources</Filter>
    </ClCompile>
    <ClCompile Include="src\sh2_disasm.cpp">
      <Filter>Fichiers sources</Filter>
    </ClCompile>
    <ClCompile Include="src\video\vdp2.cpp">
      <Filter>Fichiers sources\video</Filter>
    </ClCompile>
    <ClCompile Include="src\video\vdp1.cpp">
      <Filter>Fichiers sources\video</Filter>
    </ClCompile>
    <ClCompile Include="src\pch.cpp">
      <Filter>Fichiers sources</Filter>
    </ClCompile>
    <ClCompile Include="src\video\base_rendering_part.cpp">
      <Filter>Fichiers sources\video</Filter>
    </ClCompile>
    <ClCompile Include="src\video\vdp2_part.cpp">
      <Filter>Fichiers sources\video</Filter>
    </ClCompile>
  </ItemGroup>
  <ItemGroup>
    <ClInclude Include="src\config.h">
      <Filter>Fichiers sources</Filter>
    </ClInclude>
    <ClInclude Include="src\locale.h">
      <Filter>Fichiers sources</Filter>
    </ClInclude>
    <ClInclude Include="src\log.h">
      <Filter>Fichiers sources</Filter>
    </ClInclude>
    <ClInclude Include="src\video\gui.h">
      <Filter>Fichiers sources\video</Filter>
    </ClInclude>
    <ClInclude Include="src\memory.h">
      <Filter>Fichiers sources</Filter>
    </ClInclude>
    <ClInclude Include="src\emulator_context.h">
      <Filter>Fichiers sources</Filter>
    </ClInclude>
    <ClInclude Include="src\stv_definitions.h">
      <Filter>Fichiers sources</Filter>
    </ClInclude>
    <ClInclude Include="src\emulator_enums.h">
      <Filter>Fichiers sources</Filter>
    </ClInclude>
    <ClInclude Include="src\video\imgui_wrapper.h">
      <Filter>Fichiers sources\imgui</Filter>
    </ClInclude>
    <ClInclude Include="src\utilities.h">
      <Filter>Fichiers sources</Filter>
    </ClInclude>
    <ClInclude Include="src\cdrom\scsi.h">
      <Filter>Fichiers sources\cdrom</Filter>
    </ClInclude>
    <ClInclude Include="src\cdrom\aspi.h">
      <Filter>Fichiers sources\cdrom</Filter>
    </ClInclude>
    <ClInclude Include="src\cdrom\spti.h">
      <Filter>Fichiers sources\cdrom</Filter>
    </ClInclude>
    <ClInclude Include="src\cdrom\cdrom.h">
      <Filter>Fichiers sources\cdrom</Filter>
    </ClInclude>
    <ClInclude Include="src\cdrom\iso9660.h">
      <Filter>Fichiers sources\cdrom</Filter>
    </ClInclude>
    <ClInclude Include="src\emulator_defs.h">
      <Filter>Fichiers sources</Filter>
    </ClInclude>
    <ClInclude Include="src\sh2.h">
      <Filter>Fichiers sources</Filter>
    </ClInclude>
    <ClInclude Include="src\interrupt_controller.h">
      <Filter>Fichiers sources</Filter>
    </ClInclude>
    <ClInclude Include="src\interrupt_sources.h">
      <Filter>Fichiers sources</Filter>
    </ClInclude>
    <ClInclude Include="src\scu.h">
      <Filter>Fichiers sources</Filter>
    </ClInclude>
    <ClInclude Include="src\scu_registers.h">
      <Filter>Fichiers sources</Filter>
    </ClInclude>
    <ClInclude Include="src\sh2_registers.h">
      <Filter>Fichiers sources</Filter>
    </ClInclude>
    <ClInclude Include="lib\imgui\imgui_loader.h">
      <Filter>Fichiers sources\imgui</Filter>
    </ClInclude>
    <ClInclude Include="src\sh2_instructions.h">
      <Filter>Fichiers sources</Filter>
    </ClInclude>
    <ClInclude Include="lib\imgui\imgui_custom_controls.h">
      <Filter>Fichiers sources\imgui</Filter>
    </ClInclude>
    <ClInclude Include="src\video\opengl_legacy.h">
      <Filter>Fichiers sources\video</Filter>
    </ClInclude>
    <ClInclude Include="src\video\opengl_modern.h">
      <Filter>Fichiers sources\video</Filter>
    </ClInclude>
    <ClInclude Include="src\video\opengl.h">
      <Filter>Fichiers sources\video</Filter>
    </ClInclude>
    <ClInclude Include="src\smpc.h">
      <Filter>Fichiers sources</Filter>
    </ClInclude>
    <ClInclude Include="src\smpc_registers.h">
      <Filter>Fichiers sources</Filter>
    </ClInclude>
    <ClInclude Include="src\video\vdp2.h">
      <Filter>Fichiers sources\video</Filter>
    </ClInclude>
    <ClInclude Include="src\sound\scsp.h">
      <Filter>Fichiers sources\sound</Filter>
    </ClInclude>
    <ClInclude Include="src\sh2_disasm.h">
      <Filter>Fichiers sources</Filter>
    </ClInclude>
    <ClInclude Include="lib\imgui\imgui_memory_editor.h">
      <Filter>Fichiers sources\imgui</Filter>
    </ClInclude>
    <ClInclude Include="src\video\vdp2_registers.h">
      <Filter>Fichiers sources\video</Filter>
    </ClInclude>
    <ClInclude Include="src\video\vdp1.h">
      <Filter>Fichiers sources\video</Filter>
    </ClInclude>
    <ClInclude Include="src\pch.h">
      <Filter>Fichiers sources</Filter>
    </ClInclude>
    <ClInclude Include="src\cdrom\cdrom_registers.h">
      <Filter>Fichiers d%27en-tête</Filter>
    </ClInclude>
    <ClInclude Include="src\video\vdp1_registers.h">
      <Filter>Fichiers d%27en-tête</Filter>
    </ClInclude>
    <ClInclude Include="src\video\base_rendering_part.h">
      <Filter>Fichiers sources\video</Filter>
    </ClInclude>
    <ClInclude Include="src\video\vdp2_part.h">
      <Filter>Fichiers sources\video</Filter>
    </ClInclude>
  </ItemGroup>
</Project>