<?xml version="1.0" encoding="utf-8"?>
<Project ToolsVersion="4.0" xmlns="http://schemas.microsoft.com/developer/msbuild/2003">
  <ItemGroup>
    <Filter Include="Fichiers sources">
      <UniqueIdentifier>{4FC737F1-C7A5-4376-A066-2A32D752A2FF}</UniqueIdentifier>
      <Extensions>cpp;c;cc;cxx;def;odl;idl;hpj;bat;asm;asmx</Extensions>
    </Filter>
    <Filter Include="Fichiers d%27en-tête">
      <UniqueIdentifier>{93995380-89BD-4b04-88EB-625FBE52EBFB}</UniqueIdentifier>
      <Extensions>h;hh;hpp;hxx;hm;inl;inc;xsd</Extensions>
    </Filter>
    <Filter Include="Fichiers de ressources">
      <UniqueIdentifier>{67DA6AB6-F800-4c08-8B7A-83BB121AAD01}</UniqueIdentifier>
      <Extensions>rc;ico;cur;bmp;dlg;rc2;rct;bin;rgs;gif;jpg;jpeg;jpe;resx;tiff;tif;png;wav;mfcribbon-ms</Extensions>
    </Filter>
    <Filter Include="imgui">
      <UniqueIdentifier>{b238e819-99cc-478a-8495-e36e58cea0f1}</UniqueIdentifier>
    </Filter>
    <Filter Include="gl3w">
      <UniqueIdentifier>{0ac6ed0f-b09b-4fee-b2f9-e94feadb5b16}</UniqueIdentifier>
    </Filter>
    <Filter Include="Fichiers sources\video">
      <UniqueIdentifier>{7b286e76-41f2-40ec-bf42-f761323ec3c6}</UniqueIdentifier>
    </Filter>
  </ItemGroup>
  <ItemGroup>
    <ClCompile Include="src\main.cpp">
      <Filter>Fichiers sources</Filter>
    </ClCompile>
    <ClCompile Include="lib\imgui\imgui.cpp">
      <Filter>imgui</Filter>
    </ClCompile>
    <ClCompile Include="lib\imgui\imgui_demo.cpp">
      <Filter>imgui</Filter>
    </ClCompile>
    <ClCompile Include="lib\imgui\imgui_draw.cpp">
      <Filter>imgui</Filter>
    </ClCompile>
    <ClCompile Include="lib\gl3w\GL\gl3w.c">
      <Filter>gl3w</Filter>
    </ClCompile>
    <ClCompile Include="lib\gl3w\imgui_impl_glfw_gl3.cpp">
      <Filter>gl3w</Filter>
    </ClCompile>
    <ClCompile Include="src\video\opengl.cpp">
      <Filter>Fichiers sources\video</Filter>
    </ClCompile>
    <ClCompile Include="src\video\opengl_legacy.cpp">
      <Filter>Fichiers sources\video</Filter>
    </ClCompile>
    <ClCompile Include="src\video\opengl_modern.cpp">
      <Filter>Fichiers sources\video</Filter>
    </ClCompile>
    <ClCompile Include="lib\gl3w\imgui_impl_glfw.cpp">
      <Filter>gl3w</Filter>
    </ClCompile>
    <ClCompile Include="src\config.cpp">
      <Filter>Fichiers sources</Filter>
    </ClCompile>
  </ItemGroup>
  <ItemGroup>
    <ClInclude Include="lib\imgui\imconfig.h">
      <Filter>imgui</Filter>
    </ClInclude>
    <ClInclude Include="lib\imgui\imgui.h">
      <Filter>imgui</Filter>
    </ClInclude>
    <ClInclude Include="lib\imgui\imgui_internal.h">
      <Filter>imgui</Filter>
    </ClInclude>
    <ClInclude Include="lib\gl3w\GL\gl3w.h">
      <Filter>gl3w</Filter>
    </ClInclude>
    <ClInclude Include="lib\gl3w\GL\glcorearb.h">
      <Filter>gl3w</Filter>
    </ClInclude>
    <ClInclude Include="lib\gl3w\imgui_impl_glfw_gl3.h">
      <Filter>gl3w</Filter>
    </ClInclude>
    <ClInclude Include="src\video\opengl.h">
      <Filter>Fichiers sources\video</Filter>
    </ClInclude>
    <ClInclude Include="src\video\opengl_legacy.h">
      <Filter>Fichiers sources\video</Filter>
    </ClInclude>
    <ClInclude Include="src\video\opengl_modern.h">
      <Filter>Fichiers sources\video</Filter>
    </ClInclude>
    <ClInclude Include="lib\gl3w\imgui_impl_glfw.h">
      <Filter>gl3w</Filter>
    </ClInclude>
    <ClInclude Include="src\config.h">
      <Filter>Fichiers sources</Filter>
    </ClInclude>
  </ItemGroup>
</Project>