<?xml version="1.0" encoding="utf-8"?>
<Project ToolsVersion="4.0" xmlns="http://schemas.microsoft.com/developer/msbuild/2003">
  <ItemGroup>
    <Filter Include="Fichiers sources">
      <UniqueIdentifier>{4FC737F1-C7A5-4376-A066-2A32D752A2FF}</UniqueIdentifier>
      <Extensions>cpp;c;cc;cxx;def;odl;idl;hpj;bat;asm;asmx</Extensions>
    </Filter>
    <Filter Include="Fichiers d%27en-tête">
      <UniqueIdentifier>{93995380-89BD-4b04-88EB-625FBE52EBFB}</UniqueIdentifier>
      <Extensions>h;hh;hpp;hxx;hm;inl;inc;xsd</Extensions>
    </Filter>
    <Filter Include="Fichiers de ressources">
      <UniqueIdentifier>{67DA6AB6-F800-4c08-8B7A-83BB121AAD01}</UniqueIdentifier>
      <Extensions>rc;ico;cur;bmp;dlg;rc2;rct;bin;rgs;gif;jpg;jpeg;jpe;resx;tiff;tif;png;wav;mfcribbon-ms</Extensions>
    </Filter>
    <Filter Include="Fichiers sources\video">
      <UniqueIdentifier>{7b286e76-41f2-40ec-bf42-f761323ec3c6}</UniqueIdentifier>
    </Filter>
    <Filter Include="Fichiers sources\video\imgui">
      <UniqueIdentifier>{de8443ea-e879-4799-9e74-866c1fb1dadc}</UniqueIdentifier>
    </Filter>
    <Filter Include="Fichiers sources\video\bindings">
      <UniqueIdentifier>{5a54d6a2-34a2-48f4-ae61-f18b5e44420d}</UniqueIdentifier>
    </Filter>
    <Filter Include="Fichiers sources\lodepng">
      <UniqueIdentifier>{eefe1bcf-2326-44b6-a0a2-4dec1a22c902}</UniqueIdentifier>
    </Filter>
  </ItemGroup>
  <ItemGroup>
    <ClCompile Include="src\main.cpp">
      <Filter>Fichiers sources</Filter>
    </ClCompile>
    <ClCompile Include="src\video\opengl.cpp">
      <Filter>Fichiers sources\video</Filter>
    </ClCompile>
    <ClCompile Include="src\video\opengl_legacy.cpp">
      <Filter>Fichiers sources\video</Filter>
    </ClCompile>
    <ClCompile Include="src\video\opengl_modern.cpp">
      <Filter>Fichiers sources\video</Filter>
    </ClCompile>
    <ClCompile Include="src\config.cpp">
      <Filter>Fichiers sources</Filter>
    </ClCompile>
    <ClCompile Include="src\locale.cpp">
      <Filter>Fichiers sources</Filter>
    </ClCompile>
    <ClCompile Include="src\video\imgui\imgui.cpp">
      <Filter>Fichiers sources\video\imgui</Filter>
    </ClCompile>
    <ClCompile Include="src\video\imgui\imgui_demo.cpp">
      <Filter>Fichiers sources\video\imgui</Filter>
    </ClCompile>
    <ClCompile Include="src\video\imgui\imgui_draw.cpp">
      <Filter>Fichiers sources\video\imgui</Filter>
    </ClCompile>
    <ClCompile Include="src\video\bindings\imgui_impl_glfw.cpp">
      <Filter>Fichiers sources\video\bindings</Filter>
    </ClCompile>
    <ClCompile Include="src\video\bindings\imgui_impl_glfw_gl3.cpp">
      <Filter>Fichiers sources\video\bindings</Filter>
    </ClCompile>
    <ClCompile Include="src\log.cpp">
      <Filter>Fichiers sources</Filter>
    </ClCompile>
    <ClCompile Include="src\video\gui.cpp">
      <Filter>Fichiers sources\video</Filter>
    </ClCompile>
    <ClCompile Include="lib\lodepng\lodepng.cpp">
      <Filter>Fichiers sources\lodepng</Filter>
    </ClCompile>
  </ItemGroup>
  <ItemGroup>
    <ClInclude Include="src\video\opengl.h">
      <Filter>Fichiers sources\video</Filter>
    </ClInclude>
    <ClInclude Include="src\video\opengl_legacy.h">
      <Filter>Fichiers sources\video</Filter>
    </ClInclude>
    <ClInclude Include="src\video\opengl_modern.h">
      <Filter>Fichiers sources\video</Filter>
    </ClInclude>
    <ClInclude Include="src\config.h">
      <Filter>Fichiers sources</Filter>
    </ClInclude>
    <ClInclude Include="src\locale.h">
      <Filter>Fichiers sources</Filter>
    </ClInclude>
    <ClInclude Include="src\video\imgui\imconfig.h">
      <Filter>Fichiers sources\video\imgui</Filter>
    </ClInclude>
    <ClInclude Include="src\video\imgui\imgui.h">
      <Filter>Fichiers sources\video\imgui</Filter>
    </ClInclude>
    <ClInclude Include="src\video\imgui\imgui_internal.h">
      <Filter>Fichiers sources\video\imgui</Filter>
    </ClInclude>
    <ClInclude Include="src\video\imgui\stb_rect_pack.h">
      <Filter>Fichiers sources\video\imgui</Filter>
    </ClInclude>
    <ClInclude Include="src\video\imgui\stb_textedit.h">
      <Filter>Fichiers sources\video\imgui</Filter>
    </ClInclude>
    <ClInclude Include="src\video\imgui\stb_truetype.h">
      <Filter>Fichiers sources\video\imgui</Filter>
    </ClInclude>
    <ClInclude Include="src\video\bindings\imgui_impl_glfw.h">
      <Filter>Fichiers sources\video\bindings</Filter>
    </ClInclude>
    <ClInclude Include="src\video\bindings\imgui_impl_glfw_gl3.h">
      <Filter>Fichiers sources\video\bindings</Filter>
    </ClInclude>
    <ClInclude Include="src\log.h">
      <Filter>Fichiers sources</Filter>
    </ClInclude>
    <ClInclude Include="src\video\gui.h">
      <Filter>Fichiers sources\video</Filter>
    </ClInclude>
    <ClInclude Include="lib\lodepng\lodepng.h">
      <Filter>Fichiers sources\lodepng</Filter>
    </ClInclude>
  </ItemGroup>
</Project>